
Microsoft Visual Studio Solution File, Format Version 12.00
# Visual Studio 2013
VisualStudioVersion = 12.0.21005.1
MinimumVisualStudioVersion = 10.0.40219.1
Project("{FAE04EC0-301F-11D3-BF4B-00C04F79EFBC}") = "Partisk.API", "Partisk.API\Partisk.API.csproj", "{51A50CBC-BA64-4E6A-B2BB-625F86934A81}"
EndProject
Project("{FAE04EC0-301F-11D3-BF4B-00C04F79EFBC}") = "Partisk.API.Tests", "Partisk.API.Tests\Partisk.API.Tests.csproj", "{0FFBE839-9B36-4426-96CE-E491E45CD5A1}"
EndProject
Project("{2150E333-8FDC-42A3-9474-1A3956D46DE8}") = ".nuget", ".nuget", "{8C1CFC77-3D49-4668-9238-4D55826E5796}"
	ProjectSection(SolutionItems) = preProject
		.nuget\NuGet.Config = .nuget\NuGet.Config
		.nuget\NuGet.exe = .nuget\NuGet.exe
		.nuget\NuGet.targets = .nuget\NuGet.targets
	EndProjectSection
EndProject
Global
	GlobalSection(SolutionConfigurationPlatforms) = preSolution
		Debug|Any CPU = Debug|Any CPU
		Release|Any CPU = Release|Any CPU
	EndGlobalSection
	GlobalSection(ProjectConfigurationPlatforms) = postSolution
		{51A50CBC-BA64-4E6A-B2BB-625F86934A81}.Debug|Any CPU.ActiveCfg = Debug|Any CPU
		{51A50CBC-BA64-4E6A-B2BB-625F86934A81}.Debug|Any CPU.Build.0 = Debug|Any CPU
		{51A50CBC-BA64-4E6A-B2BB-625F86934A81}.Release|Any CPU.ActiveCfg = Release|Any CPU
		{51A50CBC-BA64-4E6A-B2BB-625F86934A81}.Release|Any CPU.Build.0 = Release|Any CPU
		{0FFBE839-9B36-4426-96CE-E491E45CD5A1}.Debug|Any CPU.ActiveCfg = Debug|Any CPU
		{0FFBE839-9B36-4426-96CE-E491E45CD5A1}.Debug|Any CPU.Build.0 = Debug|Any CPU
		{0FFBE839-9B36-4426-96CE-E491E45CD5A1}.Release|Any CPU.ActiveCfg = Release|Any CPU
		{0FFBE839-9B36-4426-96CE-E491E45CD5A1}.Release|Any CPU.Build.0 = Release|Any CPU
	EndGlobalSection
	GlobalSection(SolutionProperties) = preSolution
		HideSolutionNode = FALSE
	EndGlobalSection
EndGlobal
